
Microsoft Visual Studio Solution File, Format Version 12.00
# Visual Studio 15
VisualStudioVersion = 15.0.27130.2020
MinimumVisualStudioVersion = 10.0.40219.1
Project("{9A19103F-16F7-4668-BE54-9A1E7A4F7556}") = "Backtrace", "Backtrace\Backtrace.csproj", "{C347C139-1A03-4AC7-998A-8687401536D5}"
EndProject
Project("{9A19103F-16F7-4668-BE54-9A1E7A4F7556}") = "Backtrace.Tests", "Backtrace.Tests\Backtrace.Tests.csproj", "{2C869F94-93E0-44CA-B8FC-8AB6A2A77E57}"
EndProject
Global
	GlobalSection(SolutionConfigurationPlatforms) = preSolution
		Debug|Any CPU = Debug|Any CPU
		Release|Any CPU = Release|Any CPU
	EndGlobalSection
	GlobalSection(ProjectConfigurationPlatforms) = postSolution
		{C347C139-1A03-4AC7-998A-8687401536D5}.Debug|Any CPU.ActiveCfg = Debug|Any CPU
		{C347C139-1A03-4AC7-998A-8687401536D5}.Debug|Any CPU.Build.0 = Debug|Any CPU
		{C347C139-1A03-4AC7-998A-8687401536D5}.Release|Any CPU.ActiveCfg = Release|Any CPU
		{C347C139-1A03-4AC7-998A-8687401536D5}.Release|Any CPU.Build.0 = Release|Any CPU
		{2C869F94-93E0-44CA-B8FC-8AB6A2A77E57}.Debug|Any CPU.ActiveCfg = Debug|Any CPU
		{2C869F94-93E0-44CA-B8FC-8AB6A2A77E57}.Debug|Any CPU.Build.0 = Debug|Any CPU
		{2C869F94-93E0-44CA-B8FC-8AB6A2A77E57}.Release|Any CPU.ActiveCfg = Release|Any CPU
		{2C869F94-93E0-44CA-B8FC-8AB6A2A77E57}.Release|Any CPU.Build.0 = Release|Any CPU
	EndGlobalSection
	GlobalSection(SolutionProperties) = preSolution
		HideSolutionNode = FALSE
	EndGlobalSection
	GlobalSection(ExtensibilityGlobals) = postSolution
		SolutionGuid = {D7C60730-FBEB-4B39-A742-9EAD45CF2C51}
	EndGlobalSection
EndGlobal
